{
  "name": "@paraboly/pwc-map",
  "version": "0.0.2",
  "lockfileVersion": 1,
  "requires": true,
  "dependencies": {
    "@stencil/core": {
      "version": "1.8.11",
      "resolved": "https://registry.npmjs.org/@stencil/core/-/core-1.8.11.tgz",
      "integrity": "sha512-CWalrysaD+AFyPSd6ZJzBnGdp6vZIF9MajvnQg+jJd2s67HbO1B9lPDKtX8mPW9HF3/3o0XMVQR1F9uLBqIviA==",
      "dev": true,
      "requires": {
        "typescript": "3.8.2"
      }
    },
    "@types/geojson": {
      "version": "7946.0.7",
      "resolved": "https://registry.npmjs.org/@types/geojson/-/geojson-7946.0.7.tgz",
      "integrity": "sha512-wE2v81i4C4Ol09RtsWFAqg3BUitWbHSpSlIo+bNdsCJijO9sjme+zm+73ZMCa/qMC8UEERxzGbvmr1cffo2SiQ==",
      "dev": true
    },
    "@types/mapbox-gl": {
      "version": "1.8.0",
      "resolved": "https://registry.npmjs.org/@types/mapbox-gl/-/mapbox-gl-1.8.0.tgz",
      "integrity": "sha512-XKgJRK8Z2gWRx2WeqQcBMaiplrgxnFgoE3IYQ7tf/cCMJ8iXJsMig2eTG0plo1H1yA09f47dPVwbBmoAVCcQHg==",
      "dev": true,
      "requires": {
        "@types/geojson": "*"
      }
    },
    "typescript": {
      "version": "3.8.2",
      "resolved": "https://registry.npmjs.org/typescript/-/typescript-3.8.2.tgz",
      "integrity": "sha512-EgOVgL/4xfVrCMbhYKUQTdF37SQn4Iw73H5BgCrF1Abdun7Kwy/QZsE/ssAy0y4LxBbvua3PIbFsbRczWWnDdQ==",
      "dev": true
    }
  }
}
